// !$*UTF8*$!
{
	archiveVersion = 1;
	classes = {
	};
	objectVersion = 48;
	objects = {

/* Begin PBXBuildFile section */
		DB90F8332057C20C006B8558 /* SHEEmojiDemo StickerPackExtension.appex in Embed App Extensions */ = {isa = PBXBuildFile; fileRef = DB90F8322057C20C006B8558 /* SHEEmojiDemo StickerPackExtension.appex */; settings = {ATTRIBUTES = (RemoveHeadersOnCopy, ); }; };
		DB90F8372057C20C006B8558 /* Stickers.xcstickers in Resources */ = {isa = PBXBuildFile; fileRef = DB90F8362057C20C006B8558 /* Stickers.xcstickers */; };
		DB90F8382057C20C006B8558 /* Stickers.xcstickers in Resources */ = {isa = PBXBuildFile; fileRef = DB90F8362057C20C006B8558 /* Stickers.xcstickers */; };
/* End PBXBuildFile section */

/* Begin PBXContainerItemProxy section */
		DB90F8342057C20C006B8558 /* PBXContainerItemProxy */ = {
			isa = PBXContainerItemProxy;
			containerPortal = DB90F8282057C20B006B8558 /* Project object */;
			proxyType = 1;
			remoteGlobalIDString = DB90F8312057C20C006B8558;
			remoteInfo = "SHEEmojiDemo StickerPackExtension";
		};
/* End PBXContainerItemProxy section */

/* Begin PBXCopyFilesBuildPhase section */
		DB90F83E2057C20C006B8558 /* Embed App Extensions */ = {
			isa = PBXCopyFilesBuildPhase;
			buildActionMask = 2147483647;
			dstPath = "";
			dstSubfolderSpec = 13;
			files = (
				DB90F8332057C20C006B8558 /* SHEEmojiDemo StickerPackExtension.appex in Embed App Extensions */,
			);
			name = "Embed App Extensions";
			runOnlyForDeploymentPostprocessing = 0;
		};
/* End PBXCopyFilesBuildPhase section */

/* Begin PBXFileReference section */
		DB90F82E2057C20C006B8558 /* SHEEmojiDemo.app */ = {isa = PBXFileReference; explicitFileType = wrapper.application; includeInIndex = 0; path = SHEEmojiDemo.app; sourceTree = BUILT_PRODUCTS_DIR; };
		DB90F8322057C20C006B8558 /* SHEEmojiDemo StickerPackExtension.appex */ = {isa = PBXFileReference; explicitFileType = "wrapper.app-extension"; includeInIndex = 0; path = "SHEEmojiDemo StickerPackExtension.appex"; sourceTree = BUILT_PRODUCTS_DIR; };
		DB90F8362057C20C006B8558 /* Stickers.xcstickers */ = {isa = PBXFileReference; lastKnownFileType = folder.stickers; name = Stickers.xcstickers; path = "SHEEmojiDemo StickerPackExtension/Stickers.xcstickers"; sourceTree = "<group>"; };
/* End PBXFileReference section */

/* Begin PBXGroup section */
		DB90F8272057C20B006B8558 = {
			isa = PBXGroup;
			children = (
				DB90F8362057C20C006B8558 /* Stickers.xcstickers */,
				DB90F82F2057C20C006B8558 /* Products */,
			);
			sourceTree = "<group>";
		};
		DB90F82F2057C20C006B8558 /* Products */ = {
			isa = PBXGroup;
			children = (
				DB90F82E2057C20C006B8558 /* SHEEmojiDemo.app */,
				DB90F8322057C20C006B8558 /* SHEEmojiDemo StickerPackExtension.appex */,
			);
			name = Products;
			sourceTree = "<group>";
		};
/* End PBXGroup section */

/* Begin PBXNativeTarget section */
		DB90F82D2057C20C006B8558 /* SHEEmojiDemo */ = {
			isa = PBXNativeTarget;
			buildConfigurationList = DB90F83F2057C20C006B8558 /* Build configuration list for PBXNativeTarget "SHEEmojiDemo" */;
			buildPhases = (
				DB90F82C2057C20C006B8558 /* Resources */,
				DB90F83E2057C20C006B8558 /* Embed App Extensions */,
			);
			buildRules = (
			);
			dependencies = (
				DB90F8352057C20C006B8558 /* PBXTargetDependency */,
			);
			name = SHEEmojiDemo;
			productName = SHEEmojiDemo;
			productReference = DB90F82E2057C20C006B8558 /* SHEEmojiDemo.app */;
			productType = "com.apple.product-type.application.messages";
		};
		DB90F8312057C20C006B8558 /* SHEEmojiDemo StickerPackExtension */ = {
			isa = PBXNativeTarget;
			buildConfigurationList = DB90F83B2057C20C006B8558 /* Build configuration list for PBXNativeTarget "SHEEmojiDemo StickerPackExtension" */;
			buildPhases = (
				DB90F8302057C20C006B8558 /* Resources */,
			);
			buildRules = (
			);
			dependencies = (
			);
			name = "SHEEmojiDemo StickerPackExtension";
			productName = "SHEEmojiDemo StickerPackExtension";
			productReference = DB90F8322057C20C006B8558 /* SHEEmojiDemo StickerPackExtension.appex */;
			productType = "com.apple.product-type.app-extension.messages-sticker-pack";
		};
/* End PBXNativeTarget section */

/* Begin PBXProject section */
		DB90F8282057C20B006B8558 /* Project object */ = {
			isa = PBXProject;
			attributes = {
				LastUpgradeCheck = 0900;
				ORGANIZATIONNAME = xxx;
				TargetAttributes = {
					DB90F82D2057C20C006B8558 = {
						CreatedOnToolsVersion = 9.0;
						ProvisioningStyle = Automatic;
					};
					DB90F8312057C20C006B8558 = {
						CreatedOnToolsVersion = 9.0;
						ProvisioningStyle = Automatic;
					};
				};
			};
			buildConfigurationList = DB90F82B2057C20B006B8558 /* Build configuration list for PBXProject "SHEEmojiDemo" */;
			compatibilityVersion = "Xcode 8.0";
			developmentRegion = en;
			hasScannedForEncodings = 0;
			knownRegions = (
				en,
			);
			mainGroup = DB90F8272057C20B006B8558;
			productRefGroup = DB90F82F2057C20C006B8558 /* Products */;
			projectDirPath = "";
			projectRoot = "";
			targets = (
				DB90F82D2057C20C006B8558 /* SHEEmojiDemo */,
				DB90F8312057C20C006B8558 /* SHEEmojiDemo StickerPackExtension */,
			);
		};
/* End PBXProject section */

/* Begin PBXResourcesBuildPhase section */
		DB90F82C2057C20C006B8558 /* Resources */ = {
			isa = PBXResourcesBuildPhase;
			buildActionMask = 2147483647;
			files = (
				DB90F8382057C20C006B8558 /* Stickers.xcstickers in Resources */,
			);
			runOnlyForDeploymentPostprocessing = 0;
		};
		DB90F8302057C20C006B8558 /* Resources */ = {
			isa = PBXResourcesBuildPhase;
			buildActionMask = 2147483647;
			files = (
				DB90F8372057C20C006B8558 /* Stickers.xcstickers in Resources */,
			);
			runOnlyForDeploymentPostprocessing = 0;
		};
/* End PBXResourcesBuildPhase section */

/* Begin PBXTargetDependency section */
		DB90F8352057C20C006B8558 /* PBXTargetDependency */ = {
			isa = PBXTargetDependency;
			target = DB90F8312057C20C006B8558 /* SHEEmojiDemo StickerPackExtension */;
			targetProxy = DB90F8342057C20C006B8558 /* PBXContainerItemProxy */;
		};
/* End PBXTargetDependency section */

/* Begin XCBuildConfiguration section */
		DB90F8392057C20C006B8558 /* Debug */ = {
			isa = XCBuildConfiguration;
			buildSettings = {
				ALWAYS_SEARCH_USER_PATHS = NO;
				CLANG_ANALYZER_NONNULL = YES;
				CLANG_ANALYZER_NUMBER_OBJECT_CONVERSION = YES_AGGRESSIVE;
				CLANG_CXX_LANGUAGE_STANDARD = "gnu++14";
				CLANG_CXX_LIBRARY = "libc++";
				CLANG_ENABLE_MODULES = YES;
				CLANG_ENABLE_OBJC_ARC = YES;
				CLANG_WARN_BLOCK_CAPTURE_AUTORELEASING = YES;
				CLANG_WARN_BOOL_CONVERSION = YES;
				CLANG_WARN_COMMA = YES;
				CLANG_WARN_CONSTANT_CONVERSION = YES;
				CLANG_WARN_DIRECT_OBJC_ISA_USAGE = YES_ERROR;
				CLANG_WARN_DOCUMENTATION_COMMENTS = YES;
				CLANG_WARN_EMPTY_BODY = YES;
				CLANG_WARN_ENUM_CONVERSION = YES;
				CLANG_WARN_INFINITE_RECURSION = YES;
				CLANG_WARN_INT_CONVERSION = YES;
				CLANG_WARN_NON_LITERAL_NULL_CONVERSION = YES;
				CLANG_WARN_OBJC_LITERAL_CONVERSION = YES;
				CLANG_WARN_OBJC_ROOT_CLASS = YES_ERROR;
				CLANG_WARN_RANGE_LOOP_ANALYSIS = YES;
				CLANG_WARN_STRICT_PROTOTYPES = YES;
				CLANG_WARN_SUSPICIOUS_MOVE = YES;
				CLANG_WARN_UNGUARDED_AVAILABILITY = YES_AGGRESSIVE;
				CLANG_WARN_UNREACHABLE_CODE = YES;
				CLANG_WARN__DUPLICATE_METHOD_MATCH = YES;
				CODE_SIGN_IDENTITY = "iPhone Developer";
				COPY_PHASE_STRIP = NO;
				DEBUG_INFORMATION_FORMAT = dwarf;
				ENABLE_STRICT_OBJC_MSGSEND = YES;
				ENABLE_TESTABILITY = YES;
				GCC_C_LANGUAGE_STANDARD = gnu11;
				GCC_DYNAMIC_NO_PIC = NO;
				GCC_NO_COMMON_BLOCKS = YES;
				GCC_OPTIMIZATION_LEVEL = 0;
				GCC_PREPROCESSOR_DEFINITIONS = (
					"DEBUG=1",
					"$(inherited)",
				);
				GCC_WARN_64_TO_32_BIT_CONVERSION = YES;
				GCC_WARN_ABOUT_RETURN_TYPE = YES_ERROR;
				GCC_WARN_UNDECLARED_SELECTOR = YES;
				GCC_WARN_UNINITIALIZED_AUTOS = YES_AGGRESSIVE;
				GCC_WARN_UNUSED_FUNCTION = YES;
				GCC_WARN_UNUSED_VARIABLE = YES;
				IPHONEOS_DEPLOYMENT_TARGET = 11.0;
				MTL_ENABLE_DEBUG_INFO = YES;
				ONLY_ACTIVE_ARCH = YES;
				SDKROOT = iphoneos;
			};
			name = Debug;
		};
		DB90F83A2057C20C006B8558 /* Release */ = {
			isa = XCBuildConfiguration;
			buildSettings = {
				ALWAYS_SEARCH_USER_PATHS = NO;
				CLANG_ANALYZER_NONNULL = YES;
				CLANG_ANALYZER_NUMBER_OBJECT_CONVERSION = YES_AGGRESSIVE;
				CLANG_CXX_LANGUAGE_STANDARD = "gnu++14";
				CLANG_CXX_LIBRARY = "libc++";
				CLANG_ENABLE_MODULES = YES;
				CLANG_ENABLE_OBJC_ARC = YES;
				CLANG_WARN_BLOCK_CAPTURE_AUTORELEASING = YES;
				CLANG_WARN_BOOL_CONVERSION = YES;
				CLANG_WARN_COMMA = YES;
				CLANG_WARN_CONSTANT_CONVERSION = YES;
				CLANG_WARN_DIRECT_OBJC_ISA_USAGE = YES_ERROR;
				CLANG_WARN_DOCUMENTATION_COMMENTS = YES;
				CLANG_WARN_EMPTY_BODY = YES;
				CLANG_WARN_ENUM_CONVERSION = YES;
				CLANG_WARN_INFINITE_RECURSION = YES;
				CLANG_WARN_INT_CONVERSION = YES;
				CLANG_WARN_NON_LITERAL_NULL_CONVERSION = YES;
				CLANG_WARN_OBJC_LITERAL_CONVERSION = YES;
				CLANG_WARN_OBJC_ROOT_CLASS = YES_ERROR;
				CLANG_WARN_RANGE_LOOP_ANALYSIS = YES;
				CLANG_WARN_STRICT_PROTOTYPES = YES;
				CLANG_WARN_SUSPICIOUS_MOVE = YES;
				CLANG_WARN_UNGUARDED_AVAILABILITY = YES_AGGRESSIVE;
				CLANG_WARN_UNREACHABLE_CODE = YES;
				CLANG_WARN__DUPLICATE_METHOD_MATCH = YES;
				CODE_SIGN_IDENTITY = "iPhone Developer";
				COPY_PHASE_STRIP = NO;
				DEBUG_INFORMATION_FORMAT = "dwarf-with-dsym";
				ENABLE_NS_ASSERTIONS = NO;
				ENABLE_STRICT_OBJC_MSGSEND = YES;
				GCC_C_LANGUAGE_STANDARD = gnu11;
				GCC_NO_COMMON_BLOCKS = YES;
				GCC_WARN_64_TO_32_BIT_CONVERSION = YES;
				GCC_WARN_ABOUT_RETURN_TYPE = YES_ERROR;
				GCC_WARN_UNDECLARED_SELECTOR = YES;
				GCC_WARN_UNINITIALIZED_AUTOS = YES_AGGRESSIVE;
				GCC_WARN_UNUSED_FUNCTION = YES;
				GCC_WARN_UNUSED_VARIABLE = YES;
				IPHONEOS_DEPLOYMENT_TARGET = 11.0;
				MTL_ENABLE_DEBUG_INFO = NO;
				SDKROOT = iphoneos;
				VALIDATE_PRODUCT = YES;
			};
			name = Release;
		};
		DB90F83C2057C20C006B8558 /* Debug */ = {
			isa = XCBuildConfiguration;
			buildSettings = {
				ASSETCATALOG_COMPILER_APPICON_NAME = "iMessage App Icon";
				CODE_SIGN_STYLE = Automatic;
				DEVELOPMENT_TEAM = KSBN4Q349G;
				INFOPLIST_FILE = "SHEEmojiDemo StickerPackExtension/Info.plist";
				PRODUCT_BUNDLE_IDENTIFIER = com.yeejoy.SHEEmojiDemo.StickerPackExtension;
				PRODUCT_NAME = "$(TARGET_NAME)";
				SKIP_INSTALL = YES;
				TARGETED_DEVICE_FAMILY = "1,2";
			};
			name = Debug;
		};
		DB90F83D2057C20C006B8558 /* Release */ = {
			isa = XCBuildConfiguration;
			buildSettings = {
				ASSETCATALOG_COMPILER_APPICON_NAME = "iMessage App Icon";
				CODE_SIGN_STYLE = Automatic;
				DEVELOPMENT_TEAM = KSBN4Q349G;
				INFOPLIST_FILE = "SHEEmojiDemo StickerPackExtension/Info.plist";
				PRODUCT_BUNDLE_IDENTIFIER = com.yeejoy.SHEEmojiDemo.StickerPackExtension;
				PRODUCT_NAME = "$(TARGET_NAME)";
				SKIP_INSTALL = YES;
				TARGETED_DEVICE_FAMILY = "1,2";
			};
			name = Release;
		};
		DB90F8402057C20C006B8558 /* Debug */ = {
			isa = XCBuildConfiguration;
			buildSettings = {
				ASSETCATALOG_COMPILER_APPICON_NAME = "iMessage App Icon";
				CODE_SIGN_STYLE = Automatic;
				DEVELOPMENT_TEAM = KSBN4Q349G;
				INFOPLIST_FILE = SHEEmojiDemo/Info.plist;
				IPHONEOS_DEPLOYMENT_TARGET = 10.0;
				PRODUCT_BUNDLE_IDENTIFIER = com.yeejoy.SHEEmojiDemo;
				PRODUCT_NAME = "$(TARGET_NAME)";
				TARGETED_DEVICE_FAMILY = "1,2";
			};
			name = Debug;
		};
		DB90F8412057C20C006B8558 /* Release */ = {
			isa = XCBuildConfiguration;
			buildSettings = {
				ASSETCATALOG_COMPILER_APPICON_NAME = "iMessage App Icon";
				CODE_SIGN_STYLE = Automatic;
				DEVELOPMENT_TEAM = KSBN4Q349G;
				INFOPLIST_FILE = SHEEmojiDemo/Info.plist;
				IPHONEOS_DEPLOYMENT_TARGET = 10.0;
				PRODUCT_BUNDLE_IDENTIFIER = com.yeejoy.SHEEmojiDemo;
				PRODUCT_NAME = "$(TARGET_NAME)";
				TARGETED_DEVICE_FAMILY = "1,2";
			};
			name = Release;
		};
/* End XCBuildConfiguration section */

/* Begin XCConfigurationList section */
		DB90F82B2057C20B006B8558 /* Build configuration list for PBXProject "SHEEmojiDemo" */ = {
			isa = XCConfigurationList;
			buildConfigurations = (
				DB90F8392057C20C006B8558 /* Debug */,
				DB90F83A2057C20C006B8558 /* Release */,
			);
			defaultConfigurationIsVisible = 0;
			defaultConfigurationName = Release;
		};
		DB90F83B2057C20C006B8558 /* Build configuration list for PBXNativeTarget "SHEEmojiDemo StickerPackExtension" */ = {
			isa = XCConfigurationList;
			buildConfigurations = (
				DB90F83C2057C20C006B8558 /* Debug */,
				DB90F83D2057C20C006B8558 /* Release */,
			);
			defaultConfigurationIsVisible = 0;
			defaultConfigurationName = Release;
		};
		DB90F83F2057C20C006B8558 /* Build configuration list for PBXNativeTarget "SHEEmojiDemo" */ = {
			isa = XCConfigurationList;
			buildConfigurations = (
				DB90F8402057C20C006B8558 /* Debug */,
				DB90F8412057C20C006B8558 /* Release */,
			);
			defaultConfigurationIsVisible = 0;
			defaultConfigurationName = Release;
		};
/* End XCConfigurationList section */
	};
	rootObject = DB90F8282057C20B006B8558 /* Project object */;
}
